PODS:
  - TensorFlowLiteTaskVision (0.4.3)

DEPENDENCIES:
  - TensorFlowLiteTaskVision

SPEC REPOS:
  trunk:
    - TensorFlowLiteTaskVision

SPEC CHECKSUMS:
  TensorFlowLiteTaskVision: 125d5b49d325ba2cf3938454da5f74a1cbfe0552

PODFILE CHECKSUM: 1650851ed2414756b5da6f2cdbb7a55b0a488b28

COCOAPODS: 1.14.3
