// !$*UTF8*$!
{
	archiveVersion = 1;
	classes = {
	};
	objectVersion = 56;
	objects = {

/* Begin PBXBuildFile section */
		0378A632C30BB84C7B352DC7 /* Pods_DigitClassifier.framework in Frameworks */ = {isa = PBXBuildFile; fileRef = 5270A2DF807279672C8AA5ED /* Pods_DigitClassifier.framework */; };
		BFF622E32C64A7BC0012B727 /* AppDelegate.swift in Sources */ = {isa = PBXBuildFile; fileRef = BFF622E22C64A7BC0012B727 /* AppDelegate.swift */; };
		BFF622E52C64A7BC0012B727 /* SceneDelegate.swift in Sources */ = {isa = PBXBuildFile; fileRef = BFF622E42C64A7BC0012B727 /* SceneDelegate.swift */; };
		BFF622E72C64A7BC0012B727 /* ViewController.swift in Sources */ = {isa = PBXBuildFile; fileRef = BFF622E62C64A7BC0012B727 /* ViewController.swift */; };
		BFF622EA2C64A7BC0012B727 /* Base in Resources */ = {isa = PBXBuildFile; fileRef = BFF622E92C64A7BC0012B727 /* Base */; };
		BFF622EC2C64A7BD0012B727 /* Assets.xcassets in Resources */ = {isa = PBXBuildFile; fileRef = BFF622EB2C64A7BD0012B727 /* Assets.xcassets */; };
		BFF622EF2C64A7BD0012B727 /* Base in Resources */ = {isa = PBXBuildFile; fileRef = BFF622EE2C64A7BD0012B727 /* Base */; };
		BFF622FA2C64AD8B0012B727 /* InterpreterHelper.swift in Sources */ = {isa = PBXBuildFile; fileRef = BFF622F92C64AD8B0012B727 /* InterpreterHelper.swift */; };
		BFF623002C64AF8E0012B727 /* DataExtension.swift in Sources */ = {isa = PBXBuildFile; fileRef = BFF622FF2C64AF8E0012B727 /* DataExtension.swift */; };
		BFF623022C64B0B40012B727 /* DefaultConstants.swift in Sources */ = {isa = PBXBuildFile; fileRef = BFF623012C64B0B40012B727 /* DefaultConstants.swift */; };
		BFF623042C64B16B0012B727 /* mnist_metadata.tflite in Resources */ = {isa = PBXBuildFile; fileRef = BFF623032C64B16B0012B727 /* mnist_metadata.tflite */; };
		BFF623062C64B6D40012B727 /* CVPixelBufferExtension.swift in Sources */ = {isa = PBXBuildFile; fileRef = BFF623052C64B6D40012B727 /* CVPixelBufferExtension.swift */; };
/* End PBXBuildFile section */

/* Begin PBXFileReference section */
		4CC1E368FC864C92BCD37C32 /* Pods-DigitClassifier.release.xcconfig */ = {isa = PBXFileReference; includeInIndex = 1; lastKnownFileType = text.xcconfig; name = "Pods-DigitClassifier.release.xcconfig"; path = "Target Support Files/Pods-DigitClassifier/Pods-DigitClassifier.release.xcconfig"; sourceTree = "<group>"; };
		5270A2DF807279672C8AA5ED /* Pods_DigitClassifier.framework */ = {isa = PBXFileReference; explicitFileType = wrapper.framework; includeInIndex = 0; path = Pods_DigitClassifier.framework; sourceTree = BUILT_PRODUCTS_DIR; };
		BFF622DF2C64A7BC0012B727 /* DigitClassifier.app */ = {isa = PBXFileReference; explicitFileType = wrapper.application; includeInIndex = 0; path = DigitClassifier.app; sourceTree = BUILT_PRODUCTS_DIR; };
		BFF622E22C64A7BC0012B727 /* AppDelegate.swift */ = {isa = PBXFileReference; lastKnownFileType = sourcecode.swift; path = AppDelegate.swift; sourceTree = "<group>"; };
		BFF622E42C64A7BC0012B727 /* SceneDelegate.swift */ = {isa = PBXFileReference; lastKnownFileType = sourcecode.swift; path = SceneDelegate.swift; sourceTree = "<group>"; };
		BFF622E62C64A7BC0012B727 /* ViewController.swift */ = {isa = PBXFileReference; lastKnownFileType = sourcecode.swift; path = ViewController.swift; sourceTree = "<group>"; };
		BFF622E92C64A7BC0012B727 /* Base */ = {isa = PBXFileReference; lastKnownFileType = file.storyboard; name = Base; path = Base.lproj/Main.storyboard; sourceTree = "<group>"; };
		BFF622EB2C64A7BD0012B727 /* Assets.xcassets */ = {isa = PBXFileReference; lastKnownFileType = folder.assetcatalog; path = Assets.xcassets; sourceTree = "<group>"; };
		BFF622EE2C64A7BD0012B727 /* Base */ = {isa = PBXFileReference; lastKnownFileType = file.storyboard; name = Base; path = Base.lproj/LaunchScreen.storyboard; sourceTree = "<group>"; };
		BFF622F02C64A7BD0012B727 /* Info.plist */ = {isa = PBXFileReference; lastKnownFileType = text.plist.xml; path = Info.plist; sourceTree = "<group>"; };
		BFF622F92C64AD8B0012B727 /* InterpreterHelper.swift */ = {isa = PBXFileReference; lastKnownFileType = sourcecode.swift; path = InterpreterHelper.swift; sourceTree = "<group>"; };
		BFF622FF2C64AF8E0012B727 /* DataExtension.swift */ = {isa = PBXFileReference; lastKnownFileType = sourcecode.swift; path = DataExtension.swift; sourceTree = "<group>"; };
		BFF623012C64B0B40012B727 /* DefaultConstants.swift */ = {isa = PBXFileReference; lastKnownFileType = sourcecode.swift; path = DefaultConstants.swift; sourceTree = "<group>"; };
		BFF623032C64B16B0012B727 /* mnist_metadata.tflite */ = {isa = PBXFileReference; lastKnownFileType = file; path = mnist_metadata.tflite; sourceTree = "<group>"; };
		BFF623052C64B6D40012B727 /* CVPixelBufferExtension.swift */ = {isa = PBXFileReference; fileEncoding = 4; lastKnownFileType = sourcecode.swift; path = CVPixelBufferExtension.swift; sourceTree = "<group>"; };
		D8DB0F00551CD9E9C3B068BD /* Pods-DigitClassifier.debug.xcconfig */ = {isa = PBXFileReference; includeInIndex = 1; lastKnownFileType = text.xcconfig; name = "Pods-DigitClassifier.debug.xcconfig"; path = "Target Support Files/Pods-DigitClassifier/Pods-DigitClassifier.debug.xcconfig"; sourceTree = "<group>"; };
/* End PBXFileReference section */

/* Begin PBXFrameworksBuildPhase section */
		BFF622DC2C64A7BC0012B727 /* Frameworks */ = {
			isa = PBXFrameworksBuildPhase;
			buildActionMask = 2147483647;
			files = (
				0378A632C30BB84C7B352DC7 /* Pods_DigitClassifier.framework in Frameworks */,
			);
			runOnlyForDeploymentPostprocessing = 0;
		};
/* End PBXFrameworksBuildPhase section */

/* Begin PBXGroup section */
		22045D273F211479AEBF513C /* Pods */ = {
			isa = PBXGroup;
			children = (
				D8DB0F00551CD9E9C3B068BD /* Pods-DigitClassifier.debug.xcconfig */,
				4CC1E368FC864C92BCD37C32 /* Pods-DigitClassifier.release.xcconfig */,
			);
			path = Pods;
			sourceTree = "<group>";
		};
		B98EBEDE5E291FCD7F12F2A6 /* Frameworks */ = {
			isa = PBXGroup;
			children = (
				5270A2DF807279672C8AA5ED /* Pods_DigitClassifier.framework */,
			);
			name = Frameworks;
			sourceTree = "<group>";
		};
		BFF622D62C64A7BC0012B727 = {
			isa = PBXGroup;
			children = (
				BFF622E12C64A7BC0012B727 /* DigitClassifier */,
				BFF622E02C64A7BC0012B727 /* Products */,
				22045D273F211479AEBF513C /* Pods */,
				B98EBEDE5E291FCD7F12F2A6 /* Frameworks */,
			);
			sourceTree = "<group>";
		};
		BFF622E02C64A7BC0012B727 /* Products */ = {
			isa = PBXGroup;
			children = (
				BFF622DF2C64A7BC0012B727 /* DigitClassifier.app */,
			);
			name = Products;
			sourceTree = "<group>";
		};
		BFF622E12C64A7BC0012B727 /* DigitClassifier */ = {
			isa = PBXGroup;
			children = (
				BFF622F82C64A8B20012B727 /* Extensions */,
				BFF622F72C64A8A70012B727 /* Configs */,
				BFF622F62C64A8970012B727 /* Helper */,
				BFF622E22C64A7BC0012B727 /* AppDelegate.swift */,
				BFF622E42C64A7BC0012B727 /* SceneDelegate.swift */,
				BFF622E62C64A7BC0012B727 /* ViewController.swift */,
				BFF622E82C64A7BC0012B727 /* Main.storyboard */,
				BFF622EB2C64A7BD0012B727 /* Assets.xcassets */,
				BFF622ED2C64A7BD0012B727 /* LaunchScreen.storyboard */,
				BFF622F02C64A7BD0012B727 /* Info.plist */,
			);
			path = DigitClassifier;
			sourceTree = "<group>";
		};
		BFF622F62C64A8970012B727 /* Helper */ = {
			isa = PBXGroup;
			children = (
				BFF623032C64B16B0012B727 /* mnist_metadata.tflite */,
				BFF622F92C64AD8B0012B727 /* InterpreterHelper.swift */,
			);
			path = Helper;
			sourceTree = "<group>";
		};
		BFF622F72C64A8A70012B727 /* Configs */ = {
			isa = PBXGroup;
			children = (
				BFF623012C64B0B40012B727 /* DefaultConstants.swift */,
			);
			path = Configs;
			sourceTree = "<group>";
		};
		BFF622F82C64A8B20012B727 /* Extensions */ = {
			isa = PBXGroup;
			children = (
				BFF623052C64B6D40012B727 /* CVPixelBufferExtension.swift */,
				BFF622FF2C64AF8E0012B727 /* DataExtension.swift */,
			);
			path = Extensions;
			sourceTree = "<group>";
		};
/* End PBXGroup section */

/* Begin PBXNativeTarget section */
		BFF622DE2C64A7BC0012B727 /* DigitClassifier */ = {
			isa = PBXNativeTarget;
			buildConfigurationList = BFF622F32C64A7BD0012B727 /* Build configuration list for PBXNativeTarget "DigitClassifier" */;
			buildPhases = (
				4B3E834311200301ED086B73 /* [CP] Check Pods Manifest.lock */,
				BFF623072C64BE9B0012B727 /* Download model */,
				BFF622DB2C64A7BC0012B727 /* Sources */,
				BFF622DC2C64A7BC0012B727 /* Frameworks */,
				BFF622DD2C64A7BC0012B727 /* Resources */,
				26AA1A35A369BAC8353401B1 /* [CP] Copy Pods Resources */,
				3C32410B190D63287DBD1FED /* [CP] Embed Pods Frameworks */,
			);
			buildRules = (
			);
			dependencies = (
			);
			name = DigitClassifier;
			productName = DigitClassifier;
			productReference = BFF622DF2C64A7BC0012B727 /* DigitClassifier.app */;
			productType = "com.apple.product-type.application";
		};
/* End PBXNativeTarget section */

/* Begin PBXProject section */
		BFF622D72C64A7BC0012B727 /* Project object */ = {
			isa = PBXProject;
			attributes = {
				BuildIndependentTargetsInParallel = 1;
				LastSwiftUpdateCheck = 1530;
				LastUpgradeCheck = 1530;
				TargetAttributes = {
					BFF622DE2C64A7BC0012B727 = {
						CreatedOnToolsVersion = 15.3;
					};
				};
			};
			buildConfigurationList = BFF622DA2C64A7BC0012B727 /* Build configuration list for PBXProject "DigitClassifier" */;
			compatibilityVersion = "Xcode 14.0";
			developmentRegion = en;
			hasScannedForEncodings = 0;
			knownRegions = (
				en,
				Base,
			);
			mainGroup = BFF622D62C64A7BC0012B727;
			productRefGroup = BFF622E02C64A7BC0012B727 /* Products */;
			projectDirPath = "";
			projectRoot = "";
			targets = (
				BFF622DE2C64A7BC0012B727 /* DigitClassifier */,
			);
		};
/* End PBXProject section */

/* Begin PBXResourcesBuildPhase section */
		BFF622DD2C64A7BC0012B727 /* Resources */ = {
			isa = PBXResourcesBuildPhase;
			buildActionMask = 2147483647;
			files = (
				BFF622EC2C64A7BD0012B727 /* Assets.xcassets in Resources */,
				BFF622EF2C64A7BD0012B727 /* Base in Resources */,
				BFF623042C64B16B0012B727 /* mnist_metadata.tflite in Resources */,
				BFF622EA2C64A7BC0012B727 /* Base in Resources */,
			);
			runOnlyForDeploymentPostprocessing = 0;
		};
/* End PBXResourcesBuildPhase section */

/* Begin PBXShellScriptBuildPhase section */
		26AA1A35A369BAC8353401B1 /* [CP] Copy Pods Resources */ = {
			isa = PBXShellScriptBuildPhase;
			buildActionMask = 2147483647;
			files = (
			);
			inputFileListPaths = (
				"${PODS_ROOT}/Target Support Files/Pods-DigitClassifier/Pods-DigitClassifier-resources-${CONFIGURATION}-input-files.xcfilelist",
			);
			name = "[CP] Copy Pods Resources";
			outputFileListPaths = (
				"${PODS_ROOT}/Target Support Files/Pods-DigitClassifier/Pods-DigitClassifier-resources-${CONFIGURATION}-output-files.xcfilelist",
			);
			runOnlyForDeploymentPostprocessing = 0;
			shellPath = /bin/sh;
			shellScript = "\"${PODS_ROOT}/Target Support Files/Pods-DigitClassifier/Pods-DigitClassifier-resources.sh\"\n";
			showEnvVarsInLog = 0;
		};
		3C32410B190D63287DBD1FED /* [CP] Embed Pods Frameworks */ = {
			isa = PBXShellScriptBuildPhase;
			buildActionMask = 2147483647;
			files = (
			);
			inputFileListPaths = (
				"${PODS_ROOT}/Target Support Files/Pods-DigitClassifier/Pods-DigitClassifier-frameworks-${CONFIGURATION}-input-files.xcfilelist",
			);
			name = "[CP] Embed Pods Frameworks";
			outputFileListPaths = (
				"${PODS_ROOT}/Target Support Files/Pods-DigitClassifier/Pods-DigitClassifier-frameworks-${CONFIGURATION}-output-files.xcfilelist",
			);
			runOnlyForDeploymentPostprocessing = 0;
			shellPath = /bin/sh;
			shellScript = "\"${PODS_ROOT}/Target Support Files/Pods-DigitClassifier/Pods-DigitClassifier-frameworks.sh\"\n";
			showEnvVarsInLog = 0;
		};
		4B3E834311200301ED086B73 /* [CP] Check Pods Manifest.lock */ = {
			isa = PBXShellScriptBuildPhase;
			buildActionMask = 2147483647;
			files = (
			);
			inputFileListPaths = (
			);
			inputPaths = (
				"${PODS_PODFILE_DIR_PATH}/Podfile.lock",
				"${PODS_ROOT}/Manifest.lock",
			);
			name = "[CP] Check Pods Manifest.lock";
			outputFileListPaths = (
			);
			outputPaths = (
				"$(DERIVED_FILE_DIR)/Pods-DigitClassifier-checkManifestLockResult.txt",
			);
			runOnlyForDeploymentPostprocessing = 0;
			shellPath = /bin/sh;
			shellScript = "diff \"${PODS_PODFILE_DIR_PATH}/Podfile.lock\" \"${PODS_ROOT}/Manifest.lock\" > /dev/null\nif [ $? != 0 ] ; then\n    # print error to STDERR\n    echo \"error: The sandbox is not in sync with the Podfile.lock. Run 'pod install' or update your CocoaPods installation.\" >&2\n    exit 1\nfi\n# This output is used by Xcode 'outputs' to avoid re-running this script phase.\necho \"SUCCESS\" > \"${SCRIPT_OUTPUT_FILE_0}\"\n";
			showEnvVarsInLog = 0;
		};
		BFF623072C64BE9B0012B727 /* Download model */ = {
			isa = PBXShellScriptBuildPhase;
			buildActionMask = 2147483647;
			files = (
			);
			inputFileListPaths = (
			);
			inputPaths = (
			);
			name = "Download model";
			outputFileListPaths = (
			);
			outputPaths = (
			);
			runOnlyForDeploymentPostprocessing = 0;
			shellPath = /bin/sh;
			shellScript = "\"$SRCROOT/RunScripts/download_models.sh\"\n";
		};
/* End PBXShellScriptBuildPhase section */

/* Begin PBXSourcesBuildPhase section */
		BFF622DB2C64A7BC0012B727 /* Sources */ = {
			isa = PBXSourcesBuildPhase;
			buildActionMask = 2147483647;
			files = (
				BFF622E72C64A7BC0012B727 /* ViewController.swift in Sources */,
				BFF623062C64B6D40012B727 /* CVPixelBufferExtension.swift in Sources */,
				BFF622E32C64A7BC0012B727 /* AppDelegate.swift in Sources */,
				BFF622FA2C64AD8B0012B727 /* InterpreterHelper.swift in Sources */,
				BFF623002C64AF8E0012B727 /* DataExtension.swift in Sources */,
				BFF622E52C64A7BC0012B727 /* SceneDelegate.swift in Sources */,
				BFF623022C64B0B40012B727 /* DefaultConstants.swift in Sources */,
			);
			runOnlyForDeploymentPostprocessing = 0;
		};
/* End PBXSourcesBuildPhase section */

/* Begin PBXVariantGroup section */
		BFF622E82C64A7BC0012B727 /* Main.storyboard */ = {
			isa = PBXVariantGroup;
			children = (
				BFF622E92C64A7BC0012B727 /* Base */,
			);
			name = Main.storyboard;
			sourceTree = "<group>";
		};
		BFF622ED2C64A7BD0012B727 /* LaunchScreen.storyboard */ = {
			isa = PBXVariantGroup;
			children = (
				BFF622EE2C64A7BD0012B727 /* Base */,
			);
			name = LaunchScreen.storyboard;
			sourceTree = "<group>";
		};
/* End PBXVariantGroup section */

/* Begin XCBuildConfiguration section */
		BFF622F12C64A7BD0012B727 /* Debug */ = {
			isa = XCBuildConfiguration;
			buildSettings = {
				ALWAYS_SEARCH_USER_PATHS = NO;
				ASSETCATALOG_COMPILER_GENERATE_SWIFT_ASSET_SYMBOL_EXTENSIONS = YES;
				CLANG_ANALYZER_NONNULL = YES;
				CLANG_ANALYZER_NUMBER_OBJECT_CONVERSION = YES_AGGRESSIVE;
				CLANG_CXX_LANGUAGE_STANDARD = "gnu++20";
				CLANG_ENABLE_MODULES = YES;
				CLANG_ENABLE_OBJC_ARC = YES;
				CLANG_ENABLE_OBJC_WEAK = YES;
				CLANG_WARN_BLOCK_CAPTURE_AUTORELEASING = YES;
				CLANG_WARN_BOOL_CONVERSION = YES;
				CLANG_WARN_COMMA = YES;
				CLANG_WARN_CONSTANT_CONVERSION = YES;
				CLANG_WARN_DEPRECATED_OBJC_IMPLEMENTATIONS = YES;
				CLANG_WARN_DIRECT_OBJC_ISA_USAGE = YES_ERROR;
				CLANG_WARN_DOCUMENTATION_COMMENTS = YES;
				CLANG_WARN_EMPTY_BODY = YES;
				CLANG_WARN_ENUM_CONVERSION = YES;
				CLANG_WARN_INFINITE_RECURSION = YES;
				CLANG_WARN_INT_CONVERSION = YES;
				CLANG_WARN_NON_LITERAL_NULL_CONVERSION = YES;
				CLANG_WARN_OBJC_IMPLICIT_RETAIN_SELF = YES;
				CLANG_WARN_OBJC_LITERAL_CONVERSION = YES;
				CLANG_WARN_OBJC_ROOT_CLASS = YES_ERROR;
				CLANG_WARN_QUOTED_INCLUDE_IN_FRAMEWORK_HEADER = YES;
				CLANG_WARN_RANGE_LOOP_ANALYSIS = YES;
				CLANG_WARN_STRICT_PROTOTYPES = YES;
				CLANG_WARN_SUSPICIOUS_MOVE = YES;
				CLANG_WARN_UNGUARDED_AVAILABILITY = YES_AGGRESSIVE;
				CLANG_WARN_UNREACHABLE_CODE = YES;
				CLANG_WARN__DUPLICATE_METHOD_MATCH = YES;
				COPY_PHASE_STRIP = NO;
				DEBUG_INFORMATION_FORMAT = dwarf;
				ENABLE_STRICT_OBJC_MSGSEND = YES;
				ENABLE_TESTABILITY = YES;
				ENABLE_USER_SCRIPT_SANDBOXING = YES;
				GCC_C_LANGUAGE_STANDARD = gnu17;
				GCC_DYNAMIC_NO_PIC = NO;
				GCC_NO_COMMON_BLOCKS = YES;
				GCC_OPTIMIZATION_LEVEL = 0;
				GCC_PREPROCESSOR_DEFINITIONS = (
					"DEBUG=1",
					"$(inherited)",
				);
				GCC_WARN_64_TO_32_BIT_CONVERSION = YES;
				GCC_WARN_ABOUT_RETURN_TYPE = YES_ERROR;
				GCC_WARN_UNDECLARED_SELECTOR = YES;
				GCC_WARN_UNINITIALIZED_AUTOS = YES_AGGRESSIVE;
				GCC_WARN_UNUSED_FUNCTION = YES;
				GCC_WARN_UNUSED_VARIABLE = YES;
				IPHONEOS_DEPLOYMENT_TARGET = 17.4;
				LOCALIZATION_PREFERS_STRING_CATALOGS = YES;
				MTL_ENABLE_DEBUG_INFO = INCLUDE_SOURCE;
				MTL_FAST_MATH = YES;
				ONLY_ACTIVE_ARCH = YES;
				SDKROOT = iphoneos;
				SWIFT_ACTIVE_COMPILATION_CONDITIONS = "DEBUG $(inherited)";
				SWIFT_OPTIMIZATION_LEVEL = "-Onone";
			};
			name = Debug;
		};
		BFF622F22C64A7BD0012B727 /* Release */ = {
			isa = XCBuildConfiguration;
			buildSettings = {
				ALWAYS_SEARCH_USER_PATHS = NO;
				ASSETCATALOG_COMPILER_GENERATE_SWIFT_ASSET_SYMBOL_EXTENSIONS = YES;
				CLANG_ANALYZER_NONNULL = YES;
				CLANG_ANALYZER_NUMBER_OBJECT_CONVERSION = YES_AGGRESSIVE;
				CLANG_CXX_LANGUAGE_STANDARD = "gnu++20";
				CLANG_ENABLE_MODULES = YES;
				CLANG_ENABLE_OBJC_ARC = YES;
				CLANG_ENABLE_OBJC_WEAK = YES;
				CLANG_WARN_BLOCK_CAPTURE_AUTORELEASING = YES;
				CLANG_WARN_BOOL_CONVERSION = YES;
				CLANG_WARN_COMMA = YES;
				CLANG_WARN_CONSTANT_CONVERSION = YES;
				CLANG_WARN_DEPRECATED_OBJC_IMPLEMENTATIONS = YES;
				CLANG_WARN_DIRECT_OBJC_ISA_USAGE = YES_ERROR;
				CLANG_WARN_DOCUMENTATION_COMMENTS = YES;
				CLANG_WARN_EMPTY_BODY = YES;
				CLANG_WARN_ENUM_CONVERSION = YES;
				CLANG_WARN_INFINITE_RECURSION = YES;
				CLANG_WARN_INT_CONVERSION = YES;
				CLANG_WARN_NON_LITERAL_NULL_CONVERSION = YES;
				CLANG_WARN_OBJC_IMPLICIT_RETAIN_SELF = YES;
				CLANG_WARN_OBJC_LITERAL_CONVERSION = YES;
				CLANG_WARN_OBJC_ROOT_CLASS = YES_ERROR;
				CLANG_WARN_QUOTED_INCLUDE_IN_FRAMEWORK_HEADER = YES;
				CLANG_WARN_RANGE_LOOP_ANALYSIS = YES;
				CLANG_WARN_STRICT_PROTOTYPES = YES;
				CLANG_WARN_SUSPICIOUS_MOVE = YES;
				CLANG_WARN_UNGUARDED_AVAILABILITY = YES_AGGRESSIVE;
				CLANG_WARN_UNREACHABLE_CODE = YES;
				CLANG_WARN__DUPLICATE_METHOD_MATCH = YES;
				COPY_PHASE_STRIP = NO;
				DEBUG_INFORMATION_FORMAT = "dwarf-with-dsym";
				ENABLE_NS_ASSERTIONS = NO;
				ENABLE_STRICT_OBJC_MSGSEND = YES;
				ENABLE_USER_SCRIPT_SANDBOXING = YES;
				GCC_C_LANGUAGE_STANDARD = gnu17;
				GCC_NO_COMMON_BLOCKS = YES;
				GCC_WARN_64_TO_32_BIT_CONVERSION = YES;
				GCC_WARN_ABOUT_RETURN_TYPE = YES_ERROR;
				GCC_WARN_UNDECLARED_SELECTOR = YES;
				GCC_WARN_UNINITIALIZED_AUTOS = YES_AGGRESSIVE;
				GCC_WARN_UNUSED_FUNCTION = YES;
				GCC_WARN_UNUSED_VARIABLE = YES;
				IPHONEOS_DEPLOYMENT_TARGET = 17.4;
				LOCALIZATION_PREFERS_STRING_CATALOGS = YES;
				MTL_ENABLE_DEBUG_INFO = NO;
				MTL_FAST_MATH = YES;
				SDKROOT = iphoneos;
				SWIFT_COMPILATION_MODE = wholemodule;
				VALIDATE_PRODUCT = YES;
			};
			name = Release;
		};
		BFF622F42C64A7BD0012B727 /* Debug */ = {
			isa = XCBuildConfiguration;
			baseConfigurationReference = D8DB0F00551CD9E9C3B068BD /* Pods-DigitClassifier.debug.xcconfig */;
			buildSettings = {
				ASSETCATALOG_COMPILER_APPICON_NAME = AppIcon;
				ASSETCATALOG_COMPILER_GLOBAL_ACCENT_COLOR_NAME = AccentColor;
				CODE_SIGN_IDENTITY = "Apple Development";
				CODE_SIGN_STYLE = Automatic;
				CURRENT_PROJECT_VERSION = 1;
				DEVELOPMENT_TEAM = "";
				ENABLE_USER_SCRIPT_SANDBOXING = NO;
				GENERATE_INFOPLIST_FILE = YES;
				INFOPLIST_FILE = DigitClassifier/Info.plist;
				INFOPLIST_KEY_UIApplicationSupportsIndirectInputEvents = YES;
				INFOPLIST_KEY_UILaunchStoryboardName = LaunchScreen;
				INFOPLIST_KEY_UIMainStoryboardFile = Main;
				INFOPLIST_KEY_UISupportedInterfaceOrientations_iPad = "UIInterfaceOrientationPortrait UIInterfaceOrientationPortraitUpsideDown UIInterfaceOrientationLandscapeLeft UIInterfaceOrientationLandscapeRight";
				INFOPLIST_KEY_UISupportedInterfaceOrientations_iPhone = "UIInterfaceOrientationPortrait UIInterfaceOrientationLandscapeLeft UIInterfaceOrientationLandscapeRight";
				IPHONEOS_DEPLOYMENT_TARGET = 15.0;
				LD_RUNPATH_SEARCH_PATHS = (
					"$(inherited)",
					"@executable_path/Frameworks",
				);
				MARKETING_VERSION = 1.0;
				PRODUCT_BUNDLE_IDENTIFIER = com.google.liteRT.examples.DigitClassifier;
				PRODUCT_NAME = "$(TARGET_NAME)";
				PROVISIONING_PROFILE_SPECIFIER = "";
				SWIFT_EMIT_LOC_STRINGS = YES;
				SWIFT_VERSION = 5.0;
				TARGETED_DEVICE_FAMILY = "1,2";
			};
			name = Debug;
		};
		BFF622F52C64A7BD0012B727 /* Release */ = {
			isa = XCBuildConfiguration;
			baseConfigurationReference = 4CC1E368FC864C92BCD37C32 /* Pods-DigitClassifier.release.xcconfig */;
			buildSettings = {
				ASSETCATALOG_COMPILER_APPICON_NAME = AppIcon;
				ASSETCATALOG_COMPILER_GLOBAL_ACCENT_COLOR_NAME = AccentColor;
				CODE_SIGN_IDENTITY = "Apple Development";
				CODE_SIGN_STYLE = Automatic;
				CURRENT_PROJECT_VERSION = 1;
				DEVELOPMENT_TEAM = "";
				ENABLE_USER_SCRIPT_SANDBOXING = NO;
				GENERATE_INFOPLIST_FILE = YES;
				INFOPLIST_FILE = DigitClassifier/Info.plist;
				INFOPLIST_KEY_UIApplicationSupportsIndirectInputEvents = YES;
				INFOPLIST_KEY_UILaunchStoryboardName = LaunchScreen;
				INFOPLIST_KEY_UIMainStoryboardFile = Main;
				INFOPLIST_KEY_UISupportedInterfaceOrientations_iPad = "UIInterfaceOrientationPortrait UIInterfaceOrientationPortraitUpsideDown UIInterfaceOrientationLandscapeLeft UIInterfaceOrientationLandscapeRight";
				INFOPLIST_KEY_UISupportedInterfaceOrientations_iPhone = "UIInterfaceOrientationPortrait UIInterfaceOrientationLandscapeLeft UIInterfaceOrientationLandscapeRight";
				IPHONEOS_DEPLOYMENT_TARGET = 15.0;
				LD_RUNPATH_SEARCH_PATHS = (
					"$(inherited)",
					"@executable_path/Frameworks",
				);
				MARKETING_VERSION = 1.0;
				PRODUCT_BUNDLE_IDENTIFIER = com.google.liteRT.examples.DigitClassifier;
				PRODUCT_NAME = "$(TARGET_NAME)";
				PROVISIONING_PROFILE_SPECIFIER = "";
				SWIFT_EMIT_LOC_STRINGS = YES;
				SWIFT_VERSION = 5.0;
				TARGETED_DEVICE_FAMILY = "1,2";
			};
			name = Release;
		};
/* End XCBuildConfiguration section */

/* Begin XCConfigurationList section */
		BFF622DA2C64A7BC0012B727 /* Build configuration list for PBXProject "DigitClassifier" */ = {
			isa = XCConfigurationList;
			buildConfigurations = (
				BFF622F12C64A7BD0012B727 /* Debug */,
				BFF622F22C64A7BD0012B727 /* Release */,
			);
			defaultConfigurationIsVisible = 0;
			defaultConfigurationName = Release;
		};
		BFF622F32C64A7BD0012B727 /* Build configuration list for PBXNativeTarget "DigitClassifier" */ = {
			isa = XCConfigurationList;
			buildConfigurations = (
				BFF622F42C64A7BD0012B727 /* Debug */,
				BFF622F52C64A7BD0012B727 /* Release */,
			);
			defaultConfigurationIsVisible = 0;
			defaultConfigurationName = Release;
		};
/* End XCConfigurationList section */
	};
	rootObject = BFF622D72C64A7BC0012B727 /* Project object */;
}
