// !$*UTF8*$!
{
	archiveVersion = 1;
	classes = {
	};
	objectVersion = 77;
	objects = {

/* Begin PBXBuildFile section */
		0045E2266F7B6221D6222A1D /* LiteRTLM in Frameworks */ = {isa = PBXBuildFile; productRef = 46358537E68C97A0A28F75B0 /* LiteRTLM */; };
		07395C32121A684030AF6581 /* BonsaiPipeline.swift in Sources */ = {isa = PBXBuildFile; fileRef = B4444928A245CC50B1656043 /* BonsaiPipeline.swift */; };
		1404FC333C60123D7B0570DC /* BonsaiMath.swift in Sources */ = {isa = PBXBuildFile; fileRef = 18A2BD4D37C5776E2CBD30E0 /* BonsaiMath.swift */; };
		1BBC12B4C08649579ED5E500 /* QwenTokenizer.swift in Sources */ = {isa = PBXBuildFile; fileRef = E24D670B36514F0753623BBF /* QwenTokenizer.swift */; };
		5746C37B5C1BD5CEF13F56DC /* pipeline_meta.json in Resources */ = {isa = PBXBuildFile; fileRef = C8FA22024F31753A5979F44E /* pipeline_meta.json */; };
		B8B3EC6C91E816F2F7E8F927 /* BonsaiApp.swift in Sources */ = {isa = PBXBuildFile; fileRef = 7F3DA33A68807BC6A757F3DB /* BonsaiApp.swift */; };
		F1DCE50B56F52B7B83588597 /* merges.txt in Resources */ = {isa = PBXBuildFile; fileRef = 2019AD7ECBC1BF741BAE71FD /* merges.txt */; };
		F75B7552CBE8754B477505EF /* vocab.json in Resources */ = {isa = PBXBuildFile; fileRef = 703A9A6DBF1872AF60A01BBE /* vocab.json */; };
/* End PBXBuildFile section */

/* Begin PBXFileReference section */
		18A2BD4D37C5776E2CBD30E0 /* BonsaiMath.swift */ = {isa = PBXFileReference; lastKnownFileType = sourcecode.swift; path = BonsaiMath.swift; sourceTree = "<group>"; };
		2019AD7ECBC1BF741BAE71FD /* merges.txt */ = {isa = PBXFileReference; lastKnownFileType = text; path = merges.txt; sourceTree = "<group>"; };
		703A9A6DBF1872AF60A01BBE /* vocab.json */ = {isa = PBXFileReference; lastKnownFileType = text.json; path = vocab.json; sourceTree = "<group>"; };
		7F3DA33A68807BC6A757F3DB /* BonsaiApp.swift */ = {isa = PBXFileReference; lastKnownFileType = sourcecode.swift; path = BonsaiApp.swift; sourceTree = "<group>"; };
		B4444928A245CC50B1656043 /* BonsaiPipeline.swift */ = {isa = PBXFileReference; lastKnownFileType = sourcecode.swift; path = BonsaiPipeline.swift; sourceTree = "<group>"; };
		C8FA22024F31753A5979F44E /* pipeline_meta.json */ = {isa = PBXFileReference; lastKnownFileType = text.json; path = pipeline_meta.json; sourceTree = "<group>"; };
		E24D670B36514F0753623BBF /* QwenTokenizer.swift */ = {isa = PBXFileReference; lastKnownFileType = sourcecode.swift; path = QwenTokenizer.swift; sourceTree = "<group>"; };
		FCC0B57AEA9E2C4D51BBB1CE /* ImageGeneration.app */ = {isa = PBXFileReference; includeInIndex = 0; lastKnownFileType = wrapper.application; path = ImageGeneration.app; sourceTree = BUILT_PRODUCTS_DIR; };
/* End PBXFileReference section */

/* Begin PBXFrameworksBuildPhase section */
		15E69F2EBBD15C8A7D6DBF45 /* Frameworks */ = {
			isa = PBXFrameworksBuildPhase;
			buildActionMask = 2147483647;
			files = (
				0045E2266F7B6221D6222A1D /* LiteRTLM in Frameworks */,
			);
			runOnlyForDeploymentPostprocessing = 0;
		};
/* End PBXFrameworksBuildPhase section */

/* Begin PBXGroup section */
		2BCF7E7F2BA19809BCF69F28 /* Products */ = {
			isa = PBXGroup;
			children = (
				FCC0B57AEA9E2C4D51BBB1CE /* ImageGeneration.app */,
			);
			name = Products;
			sourceTree = "<group>";
		};
		81DB05C682BF244EFE1C6C06 /* Sources */ = {
			isa = PBXGroup;
			children = (
				7F3DA33A68807BC6A757F3DB /* BonsaiApp.swift */,
				18A2BD4D37C5776E2CBD30E0 /* BonsaiMath.swift */,
				B4444928A245CC50B1656043 /* BonsaiPipeline.swift */,
				E24D670B36514F0753623BBF /* QwenTokenizer.swift */,
			);
			path = Sources;
			sourceTree = "<group>";
		};
		D0DBBB2A125E60FE2611AB58 /* Resources */ = {
			isa = PBXGroup;
			children = (
				2019AD7ECBC1BF741BAE71FD /* merges.txt */,
				C8FA22024F31753A5979F44E /* pipeline_meta.json */,
				703A9A6DBF1872AF60A01BBE /* vocab.json */,
			);
			path = Resources;
			sourceTree = "<group>";
		};
		F6ABE918AFDCFC173D4794EE = {
			isa = PBXGroup;
			children = (
				D0DBBB2A125E60FE2611AB58 /* Resources */,
				81DB05C682BF244EFE1C6C06 /* Sources */,
				2BCF7E7F2BA19809BCF69F28 /* Products */,
			);
			sourceTree = "<group>";
		};
/* End PBXGroup section */

/* Begin PBXNativeTarget section */
		6DDF4C4651E903C8A46562C0 /* ImageGeneration */ = {
			isa = PBXNativeTarget;
			buildConfigurationList = 28CCD7340F2317D5E68A670B /* Build configuration list for PBXNativeTarget "ImageGeneration" */;
			buildPhases = (
				B0319115571685AB77312E84 /* Sources */,
				EDF73474970FA33EA0BB97E1 /* Resources */,
				15E69F2EBBD15C8A7D6DBF45 /* Frameworks */,
			);
			buildRules = (
			);
			dependencies = (
			);
			name = ImageGeneration;
			packageProductDependencies = (
				46358537E68C97A0A28F75B0 /* LiteRTLM */,
			);
			productName = ImageGeneration;
			productReference = FCC0B57AEA9E2C4D51BBB1CE /* ImageGeneration.app */;
			productType = "com.apple.product-type.application";
		};
/* End PBXNativeTarget section */

/* Begin PBXProject section */
		F511BC00997EEA6C0137EA9F /* Project object */ = {
			isa = PBXProject;
			attributes = {
				BuildIndependentTargetsInParallel = YES;
				LastUpgradeCheck = 1430;
				TargetAttributes = {
					6DDF4C4651E903C8A46562C0 = {
						ProvisioningStyle = Automatic;
					};
				};
			};
			buildConfigurationList = 58BBCF46FE16AC6470C2ED08 /* Build configuration list for PBXProject "ImageGeneration" */;
			compatibilityVersion = "Xcode 14.0";
			developmentRegion = en;
			hasScannedForEncodings = 0;
			knownRegions = (
				Base,
				en,
			);
			mainGroup = F6ABE918AFDCFC173D4794EE;
			minimizedProjectReferenceProxies = 1;
			packageReferences = (
				008BD8F7FEDF9C208532151A /* XCRemoteSwiftPackageReference "swift-litert-lm" */,
			);
			preferredProjectObjectVersion = 77;
			projectDirPath = "";
			projectRoot = "";
			targets = (
				6DDF4C4651E903C8A46562C0 /* ImageGeneration */,
			);
		};
/* End PBXProject section */

/* Begin PBXResourcesBuildPhase section */
		EDF73474970FA33EA0BB97E1 /* Resources */ = {
			isa = PBXResourcesBuildPhase;
			buildActionMask = 2147483647;
			files = (
				F1DCE50B56F52B7B83588597 /* merges.txt in Resources */,
				5746C37B5C1BD5CEF13F56DC /* pipeline_meta.json in Resources */,
				F75B7552CBE8754B477505EF /* vocab.json in Resources */,
			);
			runOnlyForDeploymentPostprocessing = 0;
		};
/* End PBXResourcesBuildPhase section */

/* Begin PBXSourcesBuildPhase section */
		B0319115571685AB77312E84 /* Sources */ = {
			isa = PBXSourcesBuildPhase;
			buildActionMask = 2147483647;
			files = (
				B8B3EC6C91E816F2F7E8F927 /* BonsaiApp.swift in Sources */,
				1404FC333C60123D7B0570DC /* BonsaiMath.swift in Sources */,
				07395C32121A684030AF6581 /* BonsaiPipeline.swift in Sources */,
				1BBC12B4C08649579ED5E500 /* QwenTokenizer.swift in Sources */,
			);
			runOnlyForDeploymentPostprocessing = 0;
		};
/* End PBXSourcesBuildPhase section */

/* Begin XCBuildConfiguration section */
		9AC4956E726D00B5EC99D3D5 /* Debug */ = {
			isa = XCBuildConfiguration;
			buildSettings = {
				ALWAYS_SEARCH_USER_PATHS = NO;
				CLANG_ANALYZER_NONNULL = YES;
				CLANG_ANALYZER_NUMBER_OBJECT_CONVERSION = YES_AGGRESSIVE;
				CLANG_CXX_LANGUAGE_STANDARD = "gnu++14";
				CLANG_CXX_LIBRARY = "libc++";
				CLANG_ENABLE_MODULES = YES;
				CLANG_ENABLE_OBJC_ARC = YES;
				CLANG_ENABLE_OBJC_WEAK = YES;
				CLANG_WARN_BLOCK_CAPTURE_AUTORELEASING = YES;
				CLANG_WARN_BOOL_CONVERSION = YES;
				CLANG_WARN_COMMA = YES;
				CLANG_WARN_CONSTANT_CONVERSION = YES;
				CLANG_WARN_DEPRECATED_OBJC_IMPLEMENTATIONS = YES;
				CLANG_WARN_DIRECT_OBJC_ISA_USAGE = YES_ERROR;
				CLANG_WARN_DOCUMENTATION_COMMENTS = YES;
				CLANG_WARN_EMPTY_BODY = YES;
				CLANG_WARN_ENUM_CONVERSION = YES;
				CLANG_WARN_INFINITE_RECURSION = YES;
				CLANG_WARN_INT_CONVERSION = YES;
				CLANG_WARN_NON_LITERAL_NULL_CONVERSION = YES;
				CLANG_WARN_OBJC_IMPLICIT_RETAIN_SELF = YES;
				CLANG_WARN_OBJC_LITERAL_CONVERSION = YES;
				CLANG_WARN_OBJC_ROOT_CLASS = YES_ERROR;
				CLANG_WARN_QUOTED_INCLUDE_IN_FRAMEWORK_HEADER = YES;
				CLANG_WARN_RANGE_LOOP_ANALYSIS = YES;
				CLANG_WARN_STRICT_PROTOTYPES = YES;
				CLANG_WARN_SUSPICIOUS_MOVE = YES;
				CLANG_WARN_UNGUARDED_AVAILABILITY = YES_AGGRESSIVE;
				CLANG_WARN_UNREACHABLE_CODE = YES;
				CLANG_WARN__DUPLICATE_METHOD_MATCH = YES;
				COPY_PHASE_STRIP = NO;
				DEBUG_INFORMATION_FORMAT = dwarf;
				ENABLE_STRICT_OBJC_MSGSEND = YES;
				ENABLE_TESTABILITY = YES;
				GCC_C_LANGUAGE_STANDARD = gnu11;
				GCC_DYNAMIC_NO_PIC = NO;
				GCC_NO_COMMON_BLOCKS = YES;
				GCC_OPTIMIZATION_LEVEL = 0;
				GCC_PREPROCESSOR_DEFINITIONS = (
					"$(inherited)",
					"DEBUG=1",
				);
				GCC_WARN_64_TO_32_BIT_CONVERSION = YES;
				GCC_WARN_ABOUT_RETURN_TYPE = YES_ERROR;
				GCC_WARN_UNDECLARED_SELECTOR = YES;
				GCC_WARN_UNINITIALIZED_AUTOS = YES_AGGRESSIVE;
				GCC_WARN_UNUSED_FUNCTION = YES;
				GCC_WARN_UNUSED_VARIABLE = YES;
				IPHONEOS_DEPLOYMENT_TARGET = 17.0;
				MTL_ENABLE_DEBUG_INFO = INCLUDE_SOURCE;
				MTL_FAST_MATH = YES;
				ONLY_ACTIVE_ARCH = YES;
				PRODUCT_NAME = "$(TARGET_NAME)";
				SDKROOT = iphoneos;
				SWIFT_ACTIVE_COMPILATION_CONDITIONS = DEBUG;
				SWIFT_OPTIMIZATION_LEVEL = "-Onone";
				SWIFT_VERSION = 5.0;
			};
			name = Debug;
		};
		B8353AD7400437CB76937112 /* Release */ = {
			isa = XCBuildConfiguration;
			buildSettings = {
				ALWAYS_SEARCH_USER_PATHS = NO;
				CLANG_ANALYZER_NONNULL = YES;
				CLANG_ANALYZER_NUMBER_OBJECT_CONVERSION = YES_AGGRESSIVE;
				CLANG_CXX_LANGUAGE_STANDARD = "gnu++14";
				CLANG_CXX_LIBRARY = "libc++";
				CLANG_ENABLE_MODULES = YES;
				CLANG_ENABLE_OBJC_ARC = YES;
				CLANG_ENABLE_OBJC_WEAK = YES;
				CLANG_WARN_BLOCK_CAPTURE_AUTORELEASING = YES;
				CLANG_WARN_BOOL_CONVERSION = YES;
				CLANG_WARN_COMMA = YES;
				CLANG_WARN_CONSTANT_CONVERSION = YES;
				CLANG_WARN_DEPRECATED_OBJC_IMPLEMENTATIONS = YES;
				CLANG_WARN_DIRECT_OBJC_ISA_USAGE = YES_ERROR;
				CLANG_WARN_DOCUMENTATION_COMMENTS = YES;
				CLANG_WARN_EMPTY_BODY = YES;
				CLANG_WARN_ENUM_CONVERSION = YES;
				CLANG_WARN_INFINITE_RECURSION = YES;
				CLANG_WARN_INT_CONVERSION = YES;
				CLANG_WARN_NON_LITERAL_NULL_CONVERSION = YES;
				CLANG_WARN_OBJC_IMPLICIT_RETAIN_SELF = YES;
				CLANG_WARN_OBJC_LITERAL_CONVERSION = YES;
				CLANG_WARN_OBJC_ROOT_CLASS = YES_ERROR;
				CLANG_WARN_QUOTED_INCLUDE_IN_FRAMEWORK_HEADER = YES;
				CLANG_WARN_RANGE_LOOP_ANALYSIS = YES;
				CLANG_WARN_STRICT_PROTOTYPES = YES;
				CLANG_WARN_SUSPICIOUS_MOVE = YES;
				CLANG_WARN_UNGUARDED_AVAILABILITY = YES_AGGRESSIVE;
				CLANG_WARN_UNREACHABLE_CODE = YES;
				CLANG_WARN__DUPLICATE_METHOD_MATCH = YES;
				COPY_PHASE_STRIP = NO;
				DEBUG_INFORMATION_FORMAT = "dwarf-with-dsym";
				ENABLE_NS_ASSERTIONS = NO;
				ENABLE_STRICT_OBJC_MSGSEND = YES;
				GCC_C_LANGUAGE_STANDARD = gnu11;
				GCC_NO_COMMON_BLOCKS = YES;
				GCC_WARN_64_TO_32_BIT_CONVERSION = YES;
				GCC_WARN_ABOUT_RETURN_TYPE = YES_ERROR;
				GCC_WARN_UNDECLARED_SELECTOR = YES;
				GCC_WARN_UNINITIALIZED_AUTOS = YES_AGGRESSIVE;
				GCC_WARN_UNUSED_FUNCTION = YES;
				GCC_WARN_UNUSED_VARIABLE = YES;
				IPHONEOS_DEPLOYMENT_TARGET = 17.0;
				MTL_ENABLE_DEBUG_INFO = NO;
				MTL_FAST_MATH = YES;
				PRODUCT_NAME = "$(TARGET_NAME)";
				SDKROOT = iphoneos;
				SWIFT_COMPILATION_MODE = wholemodule;
				SWIFT_OPTIMIZATION_LEVEL = "-O";
				SWIFT_VERSION = 5.0;
			};
			name = Release;
		};
		C87BF8A3AEA379E14C7019CC /* Debug */ = {
			isa = XCBuildConfiguration;
			buildSettings = {
				ASSETCATALOG_COMPILER_APPICON_NAME = AppIcon;
				CODE_SIGN_IDENTITY = "iPhone Developer";
				CODE_SIGN_STYLE = Automatic;
				HEADER_SEARCH_PATHS = (
					"$(SRCROOT)/CLiteRT",
					"$(SRCROOT)/CLiteRT/include",
				);
				INFOPLIST_FILE = Info.plist;
				LD_RUNPATH_SEARCH_PATHS = (
					"$(inherited)",
					"@executable_path/Frameworks",
				);
				PRODUCT_BUNDLE_IDENTIFIER = com.google.ai.edge.ImageGeneration;
				SDKROOT = iphoneos;
				SWIFT_OBJC_BRIDGING_HEADER = "CLiteRT/Bonsai-Bridging-Header.h";
				SWIFT_VERSION = 5.0;
				TARGETED_DEVICE_FAMILY = "1,2";
			};
			name = Debug;
		};
		F62C8D634B018B057E396110 /* Release */ = {
			isa = XCBuildConfiguration;
			buildSettings = {
				ASSETCATALOG_COMPILER_APPICON_NAME = AppIcon;
				CODE_SIGN_IDENTITY = "iPhone Developer";
				CODE_SIGN_STYLE = Automatic;
				HEADER_SEARCH_PATHS = (
					"$(SRCROOT)/CLiteRT",
					"$(SRCROOT)/CLiteRT/include",
				);
				INFOPLIST_FILE = Info.plist;
				LD_RUNPATH_SEARCH_PATHS = (
					"$(inherited)",
					"@executable_path/Frameworks",
				);
				PRODUCT_BUNDLE_IDENTIFIER = com.google.ai.edge.ImageGeneration;
				SDKROOT = iphoneos;
				SWIFT_OBJC_BRIDGING_HEADER = "CLiteRT/Bonsai-Bridging-Header.h";
				SWIFT_VERSION = 5.0;
				TARGETED_DEVICE_FAMILY = "1,2";
			};
			name = Release;
		};
/* End XCBuildConfiguration section */

/* Begin XCConfigurationList section */
		28CCD7340F2317D5E68A670B /* Build configuration list for PBXNativeTarget "ImageGeneration" */ = {
			isa = XCConfigurationList;
			buildConfigurations = (
				C87BF8A3AEA379E14C7019CC /* Debug */,
				F62C8D634B018B057E396110 /* Release */,
			);
			defaultConfigurationIsVisible = 0;
			defaultConfigurationName = Debug;
		};
		58BBCF46FE16AC6470C2ED08 /* Build configuration list for PBXProject "ImageGeneration" */ = {
			isa = XCConfigurationList;
			buildConfigurations = (
				9AC4956E726D00B5EC99D3D5 /* Debug */,
				B8353AD7400437CB76937112 /* Release */,
			);
			defaultConfigurationIsVisible = 0;
			defaultConfigurationName = Debug;
		};
/* End XCConfigurationList section */

/* Begin XCRemoteSwiftPackageReference section */
		008BD8F7FEDF9C208532151A /* XCRemoteSwiftPackageReference "swift-litert-lm" */ = {
			isa = XCRemoteSwiftPackageReference;
			repositoryURL = "https://github.com/john-rocky/swift-litert-lm";
			requirement = {
				kind = upToNextMajorVersion;
				minimumVersion = 0.1.1;
			};
		};
/* End XCRemoteSwiftPackageReference section */

/* Begin XCSwiftPackageProductDependency section */
		46358537E68C97A0A28F75B0 /* LiteRTLM */ = {
			isa = XCSwiftPackageProductDependency;
			package = 008BD8F7FEDF9C208532151A /* XCRemoteSwiftPackageReference "swift-litert-lm" */;
			productName = LiteRTLM;
		};
/* End XCSwiftPackageProductDependency section */
	};
	rootObject = F511BC00997EEA6C0137EA9F /* Project object */;
}
