// !$*UTF8*$!
{
	archiveVersion = 1;
	classes = {
	};
	objectVersion = 56;
	objects = {

/* Begin PBXBuildFile section */
		487242DB81E2D1C9A2D07EF7 /* Pods_Battleship.framework in Frameworks */ = {isa = PBXBuildFile; fileRef = 20219C6C1368D1F854FF2FC2 /* Pods_Battleship.framework */; };
		BFDF94732C29203100BB3661 /* AppDelegate.swift in Sources */ = {isa = PBXBuildFile; fileRef = BFDF94722C29203100BB3661 /* AppDelegate.swift */; };
		BFDF94752C29203100BB3661 /* SceneDelegate.swift in Sources */ = {isa = PBXBuildFile; fileRef = BFDF94742C29203100BB3661 /* SceneDelegate.swift */; };
		BFDF94772C29203100BB3661 /* ViewController.swift in Sources */ = {isa = PBXBuildFile; fileRef = BFDF94762C29203100BB3661 /* ViewController.swift */; };
		BFDF947A2C29203100BB3661 /* Base in Resources */ = {isa = PBXBuildFile; fileRef = BFDF94792C29203100BB3661 /* Base */; };
		BFDF947C2C29203400BB3661 /* Assets.xcassets in Resources */ = {isa = PBXBuildFile; fileRef = BFDF947B2C29203400BB3661 /* Assets.xcassets */; };
		BFDF947F2C29203400BB3661 /* Base in Resources */ = {isa = PBXBuildFile; fileRef = BFDF947E2C29203400BB3661 /* Base */; };
		BFDF94882C29217700BB3661 /* InterpreterHelper.swift in Sources */ = {isa = PBXBuildFile; fileRef = BFDF94872C29217700BB3661 /* InterpreterHelper.swift */; };
		BFDF948A2C29218100BB3661 /* Agent.swift in Sources */ = {isa = PBXBuildFile; fileRef = BFDF94892C29218100BB3661 /* Agent.swift */; };
		BFDF948D2C2927F400BB3661 /* planestrike.tflite in Resources */ = {isa = PBXBuildFile; fileRef = BFDF948C2C2927F400BB3661 /* planestrike.tflite */; };
		BFDF948F2C297C9700BB3661 /* PlayView.swift in Sources */ = {isa = PBXBuildFile; fileRef = BFDF948E2C297C9700BB3661 /* PlayView.swift */; };
/* End PBXBuildFile section */

/* Begin PBXFileReference section */
		20219C6C1368D1F854FF2FC2 /* Pods_Battleship.framework */ = {isa = PBXFileReference; explicitFileType = wrapper.framework; includeInIndex = 0; path = Pods_Battleship.framework; sourceTree = BUILT_PRODUCTS_DIR; };
		624808C490C1EFD596A6289E /* Pods-Battleship.release.xcconfig */ = {isa = PBXFileReference; includeInIndex = 1; lastKnownFileType = text.xcconfig; name = "Pods-Battleship.release.xcconfig"; path = "Target Support Files/Pods-Battleship/Pods-Battleship.release.xcconfig"; sourceTree = "<group>"; };
		BFDF946F2C29203100BB3661 /* Battleship.app */ = {isa = PBXFileReference; explicitFileType = wrapper.application; includeInIndex = 0; path = Battleship.app; sourceTree = BUILT_PRODUCTS_DIR; };
		BFDF94722C29203100BB3661 /* AppDelegate.swift */ = {isa = PBXFileReference; lastKnownFileType = sourcecode.swift; path = AppDelegate.swift; sourceTree = "<group>"; };
		BFDF94742C29203100BB3661 /* SceneDelegate.swift */ = {isa = PBXFileReference; lastKnownFileType = sourcecode.swift; path = SceneDelegate.swift; sourceTree = "<group>"; };
		BFDF94762C29203100BB3661 /* ViewController.swift */ = {isa = PBXFileReference; lastKnownFileType = sourcecode.swift; path = ViewController.swift; sourceTree = "<group>"; };
		BFDF94792C29203100BB3661 /* Base */ = {isa = PBXFileReference; lastKnownFileType = file.storyboard; name = Base; path = Base.lproj/Main.storyboard; sourceTree = "<group>"; };
		BFDF947B2C29203400BB3661 /* Assets.xcassets */ = {isa = PBXFileReference; lastKnownFileType = folder.assetcatalog; path = Assets.xcassets; sourceTree = "<group>"; };
		BFDF947E2C29203400BB3661 /* Base */ = {isa = PBXFileReference; lastKnownFileType = file.storyboard; name = Base; path = Base.lproj/LaunchScreen.storyboard; sourceTree = "<group>"; };
		BFDF94802C29203400BB3661 /* Info.plist */ = {isa = PBXFileReference; lastKnownFileType = text.plist.xml; path = Info.plist; sourceTree = "<group>"; };
		BFDF94872C29217700BB3661 /* InterpreterHelper.swift */ = {isa = PBXFileReference; lastKnownFileType = sourcecode.swift; path = InterpreterHelper.swift; sourceTree = "<group>"; };
		BFDF94892C29218100BB3661 /* Agent.swift */ = {isa = PBXFileReference; lastKnownFileType = sourcecode.swift; path = Agent.swift; sourceTree = "<group>"; };
		BFDF948C2C2927F400BB3661 /* planestrike.tflite */ = {isa = PBXFileReference; lastKnownFileType = file; name = planestrike.tflite; path = Battleship/planestrike.tflite; sourceTree = SOURCE_ROOT; };
		BFDF948E2C297C9700BB3661 /* PlayView.swift */ = {isa = PBXFileReference; lastKnownFileType = sourcecode.swift; path = PlayView.swift; sourceTree = "<group>"; };
		DED7F5B2407A41E5CC3A5821 /* Pods-Battleship.debug.xcconfig */ = {isa = PBXFileReference; includeInIndex = 1; lastKnownFileType = text.xcconfig; name = "Pods-Battleship.debug.xcconfig"; path = "Target Support Files/Pods-Battleship/Pods-Battleship.debug.xcconfig"; sourceTree = "<group>"; };
/* End PBXFileReference section */

/* Begin PBXFrameworksBuildPhase section */
		BFDF946C2C29203100BB3661 /* Frameworks */ = {
			isa = PBXFrameworksBuildPhase;
			buildActionMask = 2147483647;
			files = (
				487242DB81E2D1C9A2D07EF7 /* Pods_Battleship.framework in Frameworks */,
			);
			runOnlyForDeploymentPostprocessing = 0;
		};
/* End PBXFrameworksBuildPhase section */

/* Begin PBXGroup section */
		3192E0A402EF13EB041623E9 /* Pods */ = {
			isa = PBXGroup;
			children = (
				DED7F5B2407A41E5CC3A5821 /* Pods-Battleship.debug.xcconfig */,
				624808C490C1EFD596A6289E /* Pods-Battleship.release.xcconfig */,
			);
			path = Pods;
			sourceTree = "<group>";
		};
		947BCE04F75D97E971DB81D1 /* Frameworks */ = {
			isa = PBXGroup;
			children = (
				20219C6C1368D1F854FF2FC2 /* Pods_Battleship.framework */,
			);
			name = Frameworks;
			sourceTree = "<group>";
		};
		BFDF94662C29203100BB3661 = {
			isa = PBXGroup;
			children = (
				BFDF94712C29203100BB3661 /* Battleship */,
				BFDF94702C29203100BB3661 /* Products */,
				3192E0A402EF13EB041623E9 /* Pods */,
				947BCE04F75D97E971DB81D1 /* Frameworks */,
			);
			sourceTree = "<group>";
		};
		BFDF94702C29203100BB3661 /* Products */ = {
			isa = PBXGroup;
			children = (
				BFDF946F2C29203100BB3661 /* Battleship.app */,
			);
			name = Products;
			sourceTree = "<group>";
		};
		BFDF94712C29203100BB3661 /* Battleship */ = {
			isa = PBXGroup;
			children = (
				BFDF94862C29214D00BB3661 /* Agent */,
				BFDF94722C29203100BB3661 /* AppDelegate.swift */,
				BFDF94742C29203100BB3661 /* SceneDelegate.swift */,
				BFDF94762C29203100BB3661 /* ViewController.swift */,
				BFDF948E2C297C9700BB3661 /* PlayView.swift */,
				BFDF94782C29203100BB3661 /* Main.storyboard */,
				BFDF947B2C29203400BB3661 /* Assets.xcassets */,
				BFDF947D2C29203400BB3661 /* LaunchScreen.storyboard */,
				BFDF94802C29203400BB3661 /* Info.plist */,
			);
			path = Battleship;
			sourceTree = "<group>";
		};
		BFDF94862C29214D00BB3661 /* Agent */ = {
			isa = PBXGroup;
			children = (
				BFDF948C2C2927F400BB3661 /* planestrike.tflite */,
				BFDF94872C29217700BB3661 /* InterpreterHelper.swift */,
				BFDF94892C29218100BB3661 /* Agent.swift */,
			);
			path = Agent;
			sourceTree = "<group>";
		};
/* End PBXGroup section */

/* Begin PBXNativeTarget section */
		BFDF946E2C29203100BB3661 /* Battleship */ = {
			isa = PBXNativeTarget;
			buildConfigurationList = BFDF94832C29203400BB3661 /* Build configuration list for PBXNativeTarget "Battleship" */;
			buildPhases = (
				BFDF948B2C29279200BB3661 /* Download model */,
				286C4AC6D07BA7EFB4EAC182 /* [CP] Check Pods Manifest.lock */,
				BFDF946B2C29203100BB3661 /* Sources */,
				BFDF946C2C29203100BB3661 /* Frameworks */,
				BFDF946D2C29203100BB3661 /* Resources */,
			);
			buildRules = (
			);
			dependencies = (
			);
			name = Battleship;
			productName = Battleship;
			productReference = BFDF946F2C29203100BB3661 /* Battleship.app */;
			productType = "com.apple.product-type.application";
		};
/* End PBXNativeTarget section */

/* Begin PBXProject section */
		BFDF94672C29203100BB3661 /* Project object */ = {
			isa = PBXProject;
			attributes = {
				BuildIndependentTargetsInParallel = 1;
				LastSwiftUpdateCheck = 1530;
				LastUpgradeCheck = 1530;
				TargetAttributes = {
					BFDF946E2C29203100BB3661 = {
						CreatedOnToolsVersion = 15.3;
					};
				};
			};
			buildConfigurationList = BFDF946A2C29203100BB3661 /* Build configuration list for PBXProject "Battleship" */;
			compatibilityVersion = "Xcode 14.0";
			developmentRegion = en;
			hasScannedForEncodings = 0;
			knownRegions = (
				en,
				Base,
			);
			mainGroup = BFDF94662C29203100BB3661;
			productRefGroup = BFDF94702C29203100BB3661 /* Products */;
			projectDirPath = "";
			projectRoot = "";
			targets = (
				BFDF946E2C29203100BB3661 /* Battleship */,
			);
		};
/* End PBXProject section */

/* Begin PBXResourcesBuildPhase section */
		BFDF946D2C29203100BB3661 /* Resources */ = {
			isa = PBXResourcesBuildPhase;
			buildActionMask = 2147483647;
			files = (
				BFDF947C2C29203400BB3661 /* Assets.xcassets in Resources */,
				BFDF947F2C29203400BB3661 /* Base in Resources */,
				BFDF948D2C2927F400BB3661 /* planestrike.tflite in Resources */,
				BFDF947A2C29203100BB3661 /* Base in Resources */,
			);
			runOnlyForDeploymentPostprocessing = 0;
		};
/* End PBXResourcesBuildPhase section */

/* Begin PBXShellScriptBuildPhase section */
		286C4AC6D07BA7EFB4EAC182 /* [CP] Check Pods Manifest.lock */ = {
			isa = PBXShellScriptBuildPhase;
			buildActionMask = 2147483647;
			files = (
			);
			inputFileListPaths = (
			);
			inputPaths = (
				"${PODS_PODFILE_DIR_PATH}/Podfile.lock",
				"${PODS_ROOT}/Manifest.lock",
			);
			name = "[CP] Check Pods Manifest.lock";
			outputFileListPaths = (
			);
			outputPaths = (
				"$(DERIVED_FILE_DIR)/Pods-Battleship-checkManifestLockResult.txt",
			);
			runOnlyForDeploymentPostprocessing = 0;
			shellPath = /bin/sh;
			shellScript = "diff \"${PODS_PODFILE_DIR_PATH}/Podfile.lock\" \"${PODS_ROOT}/Manifest.lock\" > /dev/null\nif [ $? != 0 ] ; then\n    # print error to STDERR\n    echo \"error: The sandbox is not in sync with the Podfile.lock. Run 'pod install' or update your CocoaPods installation.\" >&2\n    exit 1\nfi\n# This output is used by Xcode 'outputs' to avoid re-running this script phase.\necho \"SUCCESS\" > \"${SCRIPT_OUTPUT_FILE_0}\"\n";
			showEnvVarsInLog = 0;
		};
		BFDF948B2C29279200BB3661 /* Download model */ = {
			isa = PBXShellScriptBuildPhase;
			buildActionMask = 2147483647;
			files = (
			);
			inputFileListPaths = (
			);
			inputPaths = (
			);
			name = "Download model";
			outputFileListPaths = (
			);
			outputPaths = (
			);
			runOnlyForDeploymentPostprocessing = 0;
			shellPath = /bin/sh;
			shellScript = "# Type a script or drag a script file from your workspace to insert its path.\n\"$SRCROOT/RunScripts/download_models.sh\"\n";
		};
/* End PBXShellScriptBuildPhase section */

/* Begin PBXSourcesBuildPhase section */
		BFDF946B2C29203100BB3661 /* Sources */ = {
			isa = PBXSourcesBuildPhase;
			buildActionMask = 2147483647;
			files = (
				BFDF948F2C297C9700BB3661 /* PlayView.swift in Sources */,
				BFDF94772C29203100BB3661 /* ViewController.swift in Sources */,
				BFDF948A2C29218100BB3661 /* Agent.swift in Sources */,
				BFDF94732C29203100BB3661 /* AppDelegate.swift in Sources */,
				BFDF94882C29217700BB3661 /* InterpreterHelper.swift in Sources */,
				BFDF94752C29203100BB3661 /* SceneDelegate.swift in Sources */,
			);
			runOnlyForDeploymentPostprocessing = 0;
		};
/* End PBXSourcesBuildPhase section */

/* Begin PBXVariantGroup section */
		BFDF94782C29203100BB3661 /* Main.storyboard */ = {
			isa = PBXVariantGroup;
			children = (
				BFDF94792C29203100BB3661 /* Base */,
			);
			name = Main.storyboard;
			sourceTree = "<group>";
		};
		BFDF947D2C29203400BB3661 /* LaunchScreen.storyboard */ = {
			isa = PBXVariantGroup;
			children = (
				BFDF947E2C29203400BB3661 /* Base */,
			);
			name = LaunchScreen.storyboard;
			sourceTree = "<group>";
		};
/* End PBXVariantGroup section */

/* Begin XCBuildConfiguration section */
		BFDF94812C29203400BB3661 /* Debug */ = {
			isa = XCBuildConfiguration;
			buildSettings = {
				ALWAYS_SEARCH_USER_PATHS = NO;
				ASSETCATALOG_COMPILER_GENERATE_SWIFT_ASSET_SYMBOL_EXTENSIONS = YES;
				CLANG_ANALYZER_NONNULL = YES;
				CLANG_ANALYZER_NUMBER_OBJECT_CONVERSION = YES_AGGRESSIVE;
				CLANG_CXX_LANGUAGE_STANDARD = "gnu++20";
				CLANG_ENABLE_MODULES = YES;
				CLANG_ENABLE_OBJC_ARC = YES;
				CLANG_ENABLE_OBJC_WEAK = YES;
				CLANG_WARN_BLOCK_CAPTURE_AUTORELEASING = YES;
				CLANG_WARN_BOOL_CONVERSION = YES;
				CLANG_WARN_COMMA = YES;
				CLANG_WARN_CONSTANT_CONVERSION = YES;
				CLANG_WARN_DEPRECATED_OBJC_IMPLEMENTATIONS = YES;
				CLANG_WARN_DIRECT_OBJC_ISA_USAGE = YES_ERROR;
				CLANG_WARN_DOCUMENTATION_COMMENTS = YES;
				CLANG_WARN_EMPTY_BODY = YES;
				CLANG_WARN_ENUM_CONVERSION = YES;
				CLANG_WARN_INFINITE_RECURSION = YES;
				CLANG_WARN_INT_CONVERSION = YES;
				CLANG_WARN_NON_LITERAL_NULL_CONVERSION = YES;
				CLANG_WARN_OBJC_IMPLICIT_RETAIN_SELF = YES;
				CLANG_WARN_OBJC_LITERAL_CONVERSION = YES;
				CLANG_WARN_OBJC_ROOT_CLASS = YES_ERROR;
				CLANG_WARN_QUOTED_INCLUDE_IN_FRAMEWORK_HEADER = YES;
				CLANG_WARN_RANGE_LOOP_ANALYSIS = YES;
				CLANG_WARN_STRICT_PROTOTYPES = YES;
				CLANG_WARN_SUSPICIOUS_MOVE = YES;
				CLANG_WARN_UNGUARDED_AVAILABILITY = YES_AGGRESSIVE;
				CLANG_WARN_UNREACHABLE_CODE = YES;
				CLANG_WARN__DUPLICATE_METHOD_MATCH = YES;
				COPY_PHASE_STRIP = NO;
				DEBUG_INFORMATION_FORMAT = dwarf;
				ENABLE_STRICT_OBJC_MSGSEND = YES;
				ENABLE_TESTABILITY = YES;
				ENABLE_USER_SCRIPT_SANDBOXING = YES;
				GCC_C_LANGUAGE_STANDARD = gnu17;
				GCC_DYNAMIC_NO_PIC = NO;
				GCC_NO_COMMON_BLOCKS = YES;
				GCC_OPTIMIZATION_LEVEL = 0;
				GCC_PREPROCESSOR_DEFINITIONS = (
					"DEBUG=1",
					"$(inherited)",
				);
				GCC_WARN_64_TO_32_BIT_CONVERSION = YES;
				GCC_WARN_ABOUT_RETURN_TYPE = YES_ERROR;
				GCC_WARN_UNDECLARED_SELECTOR = YES;
				GCC_WARN_UNINITIALIZED_AUTOS = YES_AGGRESSIVE;
				GCC_WARN_UNUSED_FUNCTION = YES;
				GCC_WARN_UNUSED_VARIABLE = YES;
				IPHONEOS_DEPLOYMENT_TARGET = 17.4;
				LOCALIZATION_PREFERS_STRING_CATALOGS = YES;
				MTL_ENABLE_DEBUG_INFO = INCLUDE_SOURCE;
				MTL_FAST_MATH = YES;
				ONLY_ACTIVE_ARCH = YES;
				SDKROOT = iphoneos;
				SWIFT_ACTIVE_COMPILATION_CONDITIONS = "DEBUG $(inherited)";
				SWIFT_OPTIMIZATION_LEVEL = "-Onone";
			};
			name = Debug;
		};
		BFDF94822C29203400BB3661 /* Release */ = {
			isa = XCBuildConfiguration;
			buildSettings = {
				ALWAYS_SEARCH_USER_PATHS = NO;
				ASSETCATALOG_COMPILER_GENERATE_SWIFT_ASSET_SYMBOL_EXTENSIONS = YES;
				CLANG_ANALYZER_NONNULL = YES;
				CLANG_ANALYZER_NUMBER_OBJECT_CONVERSION = YES_AGGRESSIVE;
				CLANG_CXX_LANGUAGE_STANDARD = "gnu++20";
				CLANG_ENABLE_MODULES = YES;
				CLANG_ENABLE_OBJC_ARC = YES;
				CLANG_ENABLE_OBJC_WEAK = YES;
				CLANG_WARN_BLOCK_CAPTURE_AUTORELEASING = YES;
				CLANG_WARN_BOOL_CONVERSION = YES;
				CLANG_WARN_COMMA = YES;
				CLANG_WARN_CONSTANT_CONVERSION = YES;
				CLANG_WARN_DEPRECATED_OBJC_IMPLEMENTATIONS = YES;
				CLANG_WARN_DIRECT_OBJC_ISA_USAGE = YES_ERROR;
				CLANG_WARN_DOCUMENTATION_COMMENTS = YES;
				CLANG_WARN_EMPTY_BODY = YES;
				CLANG_WARN_ENUM_CONVERSION = YES;
				CLANG_WARN_INFINITE_RECURSION = YES;
				CLANG_WARN_INT_CONVERSION = YES;
				CLANG_WARN_NON_LITERAL_NULL_CONVERSION = YES;
				CLANG_WARN_OBJC_IMPLICIT_RETAIN_SELF = YES;
				CLANG_WARN_OBJC_LITERAL_CONVERSION = YES;
				CLANG_WARN_OBJC_ROOT_CLASS = YES_ERROR;
				CLANG_WARN_QUOTED_INCLUDE_IN_FRAMEWORK_HEADER = YES;
				CLANG_WARN_RANGE_LOOP_ANALYSIS = YES;
				CLANG_WARN_STRICT_PROTOTYPES = YES;
				CLANG_WARN_SUSPICIOUS_MOVE = YES;
				CLANG_WARN_UNGUARDED_AVAILABILITY = YES_AGGRESSIVE;
				CLANG_WARN_UNREACHABLE_CODE = YES;
				CLANG_WARN__DUPLICATE_METHOD_MATCH = YES;
				COPY_PHASE_STRIP = NO;
				DEBUG_INFORMATION_FORMAT = "dwarf-with-dsym";
				ENABLE_NS_ASSERTIONS = NO;
				ENABLE_STRICT_OBJC_MSGSEND = YES;
				ENABLE_USER_SCRIPT_SANDBOXING = YES;
				GCC_C_LANGUAGE_STANDARD = gnu17;
				GCC_NO_COMMON_BLOCKS = YES;
				GCC_WARN_64_TO_32_BIT_CONVERSION = YES;
				GCC_WARN_ABOUT_RETURN_TYPE = YES_ERROR;
				GCC_WARN_UNDECLARED_SELECTOR = YES;
				GCC_WARN_UNINITIALIZED_AUTOS = YES_AGGRESSIVE;
				GCC_WARN_UNUSED_FUNCTION = YES;
				GCC_WARN_UNUSED_VARIABLE = YES;
				IPHONEOS_DEPLOYMENT_TARGET = 17.4;
				LOCALIZATION_PREFERS_STRING_CATALOGS = YES;
				MTL_ENABLE_DEBUG_INFO = NO;
				MTL_FAST_MATH = YES;
				SDKROOT = iphoneos;
				SWIFT_COMPILATION_MODE = wholemodule;
				VALIDATE_PRODUCT = YES;
			};
			name = Release;
		};
		BFDF94842C29203400BB3661 /* Debug */ = {
			isa = XCBuildConfiguration;
			baseConfigurationReference = DED7F5B2407A41E5CC3A5821 /* Pods-Battleship.debug.xcconfig */;
			buildSettings = {
				ASSETCATALOG_COMPILER_APPICON_NAME = AppIcon;
				ASSETCATALOG_COMPILER_GLOBAL_ACCENT_COLOR_NAME = AccentColor;
				CODE_SIGN_STYLE = Automatic;
				CURRENT_PROJECT_VERSION = 1;
				DEVELOPMENT_TEAM = "";
				ENABLE_USER_SCRIPT_SANDBOXING = NO;
				GENERATE_INFOPLIST_FILE = YES;
				INFOPLIST_FILE = Battleship/Info.plist;
				INFOPLIST_KEY_UIApplicationSupportsIndirectInputEvents = YES;
				INFOPLIST_KEY_UILaunchStoryboardName = LaunchScreen;
				INFOPLIST_KEY_UIMainStoryboardFile = Main;
				INFOPLIST_KEY_UISupportedInterfaceOrientations = UIInterfaceOrientationPortrait;
				IPHONEOS_DEPLOYMENT_TARGET = 16.0;
				LD_RUNPATH_SEARCH_PATHS = (
					"$(inherited)",
					"@executable_path/Frameworks",
				);
				MARKETING_VERSION = 1.0;
				PRODUCT_BUNDLE_IDENTIFIER = com.google.tflite.examples.Battleship;
				PRODUCT_NAME = "$(TARGET_NAME)";
				SWIFT_EMIT_LOC_STRINGS = YES;
				SWIFT_VERSION = 5.0;
				TARGETED_DEVICE_FAMILY = "1,2";
			};
			name = Debug;
		};
		BFDF94852C29203400BB3661 /* Release */ = {
			isa = XCBuildConfiguration;
			baseConfigurationReference = 624808C490C1EFD596A6289E /* Pods-Battleship.release.xcconfig */;
			buildSettings = {
				ASSETCATALOG_COMPILER_APPICON_NAME = AppIcon;
				ASSETCATALOG_COMPILER_GLOBAL_ACCENT_COLOR_NAME = AccentColor;
				CODE_SIGN_STYLE = Automatic;
				CURRENT_PROJECT_VERSION = 1;
				DEVELOPMENT_TEAM = "";
				ENABLE_USER_SCRIPT_SANDBOXING = NO;
				GENERATE_INFOPLIST_FILE = YES;
				INFOPLIST_FILE = Battleship/Info.plist;
				INFOPLIST_KEY_UIApplicationSupportsIndirectInputEvents = YES;
				INFOPLIST_KEY_UILaunchStoryboardName = LaunchScreen;
				INFOPLIST_KEY_UIMainStoryboardFile = Main;
				INFOPLIST_KEY_UISupportedInterfaceOrientations = UIInterfaceOrientationPortrait;
				IPHONEOS_DEPLOYMENT_TARGET = 16.0;
				LD_RUNPATH_SEARCH_PATHS = (
					"$(inherited)",
					"@executable_path/Frameworks",
				);
				MARKETING_VERSION = 1.0;
				PRODUCT_BUNDLE_IDENTIFIER = com.google.tflite.examples.Battleship;
				PRODUCT_NAME = "$(TARGET_NAME)";
				SWIFT_EMIT_LOC_STRINGS = YES;
				SWIFT_VERSION = 5.0;
				TARGETED_DEVICE_FAMILY = "1,2";
			};
			name = Release;
		};
/* End XCBuildConfiguration section */

/* Begin XCConfigurationList section */
		BFDF946A2C29203100BB3661 /* Build configuration list for PBXProject "Battleship" */ = {
			isa = XCConfigurationList;
			buildConfigurations = (
				BFDF94812C29203400BB3661 /* Debug */,
				BFDF94822C29203400BB3661 /* Release */,
			);
			defaultConfigurationIsVisible = 0;
			defaultConfigurationName = Release;
		};
		BFDF94832C29203400BB3661 /* Build configuration list for PBXNativeTarget "Battleship" */ = {
			isa = XCConfigurationList;
			buildConfigurations = (
				BFDF94842C29203400BB3661 /* Debug */,
				BFDF94852C29203400BB3661 /* Release */,
			);
			defaultConfigurationIsVisible = 0;
			defaultConfigurationName = Release;
		};
/* End XCConfigurationList section */
	};
	rootObject = BFDF94672C29203100BB3661 /* Project object */;
}
